
Microsoft Visual Studio Solution File, Format Version 12.00
# Visual Studio Version 17
VisualStudioVersion = 17.5.002.0
MinimumVisualStudioVersion = 10.0.40219.1
Project("{9A19103F-16F7-4668-BE54-9A1E7A4F7556}") = "BasicIVR", "BasicIVR\BasicIVR.csproj", "{A76537DA-D2FB-4B34-94F6-4E5FF4E4318E}"
EndProject
Global
	GlobalSection(SolutionConfigurationPlatforms) = preSolution
		Debug|Any CPU = Debug|Any CPU
		Release|Any CPU = Release|Any CPU
	EndGlobalSection
	GlobalSection(ProjectConfigurationPlatforms) = postSolution
		{A76537DA-D2FB-4B34-94F6-4E5FF4E4318E}.Debug|Any CPU.ActiveCfg = Debug|Any CPU
		{A76537DA-D2FB-4B34-94F6-4E5FF4E4318E}.Debug|Any CPU.Build.0 = Debug|Any CPU
		{A76537DA-D2FB-4B34-94F6-4E5FF4E4318E}.Release|Any CPU.ActiveCfg = Release|Any CPU
		{A76537DA-D2FB-4B34-94F6-4E5FF4E4318E}.Release|Any CPU.Build.0 = Release|Any CPU
	EndGlobalSection
	GlobalSection(SolutionProperties) = preSolution
		HideSolutionNode = FALSE
	EndGlobalSection
	GlobalSection(ExtensibilityGlobals) = postSolution
		SolutionGuid = {7DB6DE90-2D45-4317-BDD8-B7236A7ACF17}
	EndGlobalSection
EndGlobal
